
Microsoft Visual Studio Solution File, Format Version 12.00
# Visual Studio Version 16
VisualStudioVersion = 16.0.31025.194
MinimumVisualStudioVersion = 10.0.40219.1
Project("{9A19103F-16F7-4668-BE54-9A1E7A4F7556}") = "ObserverDP", "ObserverDP\ObserverDP.csproj", "{315111D8-3340-40C7-ADDA-A6DB36ED38C8}"
EndProject
Project("{9A19103F-16F7-4668-BE54-9A1E7A4F7556}") = "StrategyDP", "StrategyDP\StrategyDP.csproj", "{CA4F4BAC-D9F0-44CE-ADF6-802CA5762409}"
EndProject
Project("{FAE04EC0-301F-11D3-BF4B-00C04F79EFBC}") = "Decorator", "Decorator\Decorator.csproj", "{CBC1A847-84F7-45B9-B2D5-111B5E7CCFAD}"
EndProject
Project("{FAE04EC0-301F-11D3-BF4B-00C04F79EFBC}") = "Builder", "Builder\Builder.csproj", "{7F564F35-0FD4-493B-A881-19D733C79255}"
EndProject
Global
	GlobalSection(SolutionConfigurationPlatforms) = preSolution
		Debug|Any CPU = Debug|Any CPU
		Release|Any CPU = Release|Any CPU
	EndGlobalSection
	GlobalSection(ProjectConfigurationPlatforms) = postSolution
		{315111D8-3340-40C7-ADDA-A6DB36ED38C8}.Debug|Any CPU.ActiveCfg = Debug|Any CPU
		{315111D8-3340-40C7-ADDA-A6DB36ED38C8}.Debug|Any CPU.Build.0 = Debug|Any CPU
		{315111D8-3340-40C7-ADDA-A6DB36ED38C8}.Release|Any CPU.ActiveCfg = Release|Any CPU
		{315111D8-3340-40C7-ADDA-A6DB36ED38C8}.Release|Any CPU.Build.0 = Release|Any CPU
		{CA4F4BAC-D9F0-44CE-ADF6-802CA5762409}.Debug|Any CPU.ActiveCfg = Debug|Any CPU
		{CA4F4BAC-D9F0-44CE-ADF6-802CA5762409}.Debug|Any CPU.Build.0 = Debug|Any CPU
		{CA4F4BAC-D9F0-44CE-ADF6-802CA5762409}.Release|Any CPU.ActiveCfg = Release|Any CPU
		{CA4F4BAC-D9F0-44CE-ADF6-802CA5762409}.Release|Any CPU.Build.0 = Release|Any CPU
		{CBC1A847-84F7-45B9-B2D5-111B5E7CCFAD}.Debug|Any CPU.ActiveCfg = Debug|Any CPU
		{CBC1A847-84F7-45B9-B2D5-111B5E7CCFAD}.Debug|Any CPU.Build.0 = Debug|Any CPU
		{CBC1A847-84F7-45B9-B2D5-111B5E7CCFAD}.Release|Any CPU.ActiveCfg = Release|Any CPU
		{CBC1A847-84F7-45B9-B2D5-111B5E7CCFAD}.Release|Any CPU.Build.0 = Release|Any CPU
		{7F564F35-0FD4-493B-A881-19D733C79255}.Debug|Any CPU.ActiveCfg = Debug|Any CPU
		{7F564F35-0FD4-493B-A881-19D733C79255}.Debug|Any CPU.Build.0 = Debug|Any CPU
		{7F564F35-0FD4-493B-A881-19D733C79255}.Release|Any CPU.ActiveCfg = Release|Any CPU
		{7F564F35-0FD4-493B-A881-19D733C79255}.Release|Any CPU.Build.0 = Release|Any CPU
	EndGlobalSection
	GlobalSection(SolutionProperties) = preSolution
		HideSolutionNode = FALSE
	EndGlobalSection
	GlobalSection(ExtensibilityGlobals) = postSolution
		SolutionGuid = {5CC17D4E-7482-4E3F-AFC7-25B01A7E8519}
	EndGlobalSection
EndGlobal
